
Microsoft Visual Studio Solution File, Format Version 12.00
# Visual Studio 14
VisualStudioVersion = 14.0.25420.1
MinimumVisualStudioVersion = 10.0.40219.1
Project("{FAE04EC0-301F-11D3-BF4B-00C04F79EFBC}") = "TeachMeNow.DeveloperTest.BackEnd", "TeachMeNow.DeveloperTest.BackEnd\TeachMeNow.DeveloperTest.BackEnd.csproj", "{1D5E871E-51C1-4AE0-92B4-B02187157D2F}"
EndProject
Project("{FAE04EC0-301F-11D3-BF4B-00C04F79EFBC}") = "TeachMeNow.DeveloperTest.FrontEnd", "TeachMeNow.DeveloperTest.FrontEnd\TeachMeNow.DeveloperTest.FrontEnd.csproj", "{98F5A90E-99C9-4FBB-B5A1-5730E764C85E}"
EndProject
Global
	GlobalSection(SolutionConfigurationPlatforms) = preSolution
		Debug|Any CPU = Debug|Any CPU
		Release|Any CPU = Release|Any CPU
	EndGlobalSection
	GlobalSection(ProjectConfigurationPlatforms) = postSolution
		{1D5E871E-51C1-4AE0-92B4-B02187157D2F}.Debug|Any CPU.ActiveCfg = Debug|Any CPU
		{1D5E871E-51C1-4AE0-92B4-B02187157D2F}.Debug|Any CPU.Build.0 = Debug|Any CPU
		{1D5E871E-51C1-4AE0-92B4-B02187157D2F}.Release|Any CPU.ActiveCfg = Release|Any CPU
		{1D5E871E-51C1-4AE0-92B4-B02187157D2F}.Release|Any CPU.Build.0 = Release|Any CPU
		{98F5A90E-99C9-4FBB-B5A1-5730E764C85E}.Debug|Any CPU.ActiveCfg = Debug|Any CPU
		{98F5A90E-99C9-4FBB-B5A1-5730E764C85E}.Debug|Any CPU.Build.0 = Debug|Any CPU
		{98F5A90E-99C9-4FBB-B5A1-5730E764C85E}.Release|Any CPU.ActiveCfg = Release|Any CPU
		{98F5A90E-99C9-4FBB-B5A1-5730E764C85E}.Release|Any CPU.Build.0 = Release|Any CPU
	EndGlobalSection
	GlobalSection(SolutionProperties) = preSolution
		HideSolutionNode = FALSE
	EndGlobalSection
EndGlobal
